github.com/CycloneDX/cyclonedx-go v0.7.0 h1:jNxp8hL7UpcvPDFXjY+Y1ibFtsW+e5zyF9QoSmhK/zg=
github.com/CycloneDX/cyclonedx-go v0.7.0/go.mod h1:W5Z9w8pTTL+t+yG3PCiFRGlr8PUlE0pGWzKSJbsyXkg=
github.com/axgle/mahonia v0.0.0-20180208002826-3358181d7394/go.mod h1:Q8n74mJTIgjX4RBBcHnJ05h//6/k6foqmgE45jTQtxg=
github.com/pkg/errors v0.9.1 h1:FEBLx1zS214owpjy7qsBeixbURkuhQAwrK5UwLGTwt4=
github.com/pkg/errors v0.9.1/go.mod h1:bwawxfHBFNV+L2hUp1rHADufV3IMtnDRdf1r5NINEl0=
